
Microsoft Visual Studio Solution File, Format Version 12.00
# Visual Studio Version 17
VisualStudioVersion = 17.14.36310.24 d17.14
MinimumVisualStudioVersion = 10.0.40219.1
Project("{F2A71F9B-5D33-465A-A702-920D77279786}") = "Semana9", "..\Semana9\Semana9.fsproj", "{A9D07C7E-DFFF-4608-BA36-F400615B2D6B}"
EndProject
Project("{FAE04EC0-301F-11D3-BF4B-00C04F79EFBC}") = "Biblioteca", "..\ConsoleApp1\Biblioteca.csproj", "{C3DD8EFA-3DBB-45FF-920C-AB7EEAFC491A}"
EndProject
Global
	GlobalSection(SolutionConfigurationPlatforms) = preSolution
		Debug|Any CPU = Debug|Any CPU
		Release|Any CPU = Release|Any CPU
	EndGlobalSection
	GlobalSection(ProjectConfigurationPlatforms) = postSolution
		{A9D07C7E-DFFF-4608-BA36-F400615B2D6B}.Debug|Any CPU.ActiveCfg = Debug|Any CPU
		{A9D07C7E-DFFF-4608-BA36-F400615B2D6B}.Debug|Any CPU.Build.0 = Debug|Any CPU
		{A9D07C7E-DFFF-4608-BA36-F400615B2D6B}.Release|Any CPU.ActiveCfg = Release|Any CPU
		{A9D07C7E-DFFF-4608-BA36-F400615B2D6B}.Release|Any CPU.Build.0 = Release|Any CPU
		{C3DD8EFA-3DBB-45FF-920C-AB7EEAFC491A}.Debug|Any CPU.ActiveCfg = Debug|Any CPU
		{C3DD8EFA-3DBB-45FF-920C-AB7EEAFC491A}.Debug|Any CPU.Build.0 = Debug|Any CPU
		{C3DD8EFA-3DBB-45FF-920C-AB7EEAFC491A}.Release|Any CPU.ActiveCfg = Release|Any CPU
		{C3DD8EFA-3DBB-45FF-920C-AB7EEAFC491A}.Release|Any CPU.Build.0 = Release|Any CPU
	EndGlobalSection
	GlobalSection(SolutionProperties) = preSolution
		HideSolutionNode = FALSE
	EndGlobalSection
	GlobalSection(ExtensibilityGlobals) = postSolution
		SolutionGuid = {FAB7B0C5-BD55-4891-9515-FC92B304C0EC}
	EndGlobalSection
EndGlobal
